PODS:
  - AVOSCloud (3.2.9)
  - HyphenateFullSDK (3.1.2)
  - Masonry (1.0.0)
  - MBProgressHUD (0.9.2)
  - SDWebImage (3.7.6):
    - SDWebImage/Core (= 3.7.6)
  - SDWebImage/Core (3.7.6)

DEPENDENCIES:
  - AVOSCloud
  - HyphenateFullSDK
  - Masonry (~> 1.0.0)
  - MBProgressHUD (~> 0.9.2)
  - SDWebImage (~> 3.7.5)

SPEC CHECKSUMS:
  AVOSCloud: b020009b1f2e35c271d4d019075458c879fc1d21
  HyphenateFullSDK: f6ed4f5fed2b41f344eab73b451a27f1e8aa8ba2
  Masonry: b529bb169217897b6354d4b56b1fada6d475b13d
  MBProgressHUD: 1569cf7ace17a8bac47aabfbb8580a49690386d1
  SDWebImage: c325cf02c30337336b95beff20a13df489ec0ec9

PODFILE CHECKSUM: cec27e0c1e303d389280753c6b42dc86d0ef58cf

COCOAPODS: 1.0.0
