// !$*UTF8*$!
{
	archiveVersion = 1;
	classes = {
	};
	objectVersion = 46;
	objects = {

/* Begin PBXBuildFile section */
		9605E9CB1CF47E47000D1834 /* RegularUtils.m in Sources */ = {isa = PBXBuildFile; fileRef = 9605E9CA1CF47E47000D1834 /* RegularUtils.m */; };
		9605E9CF1CF485A6000D1834 /* XHToast.m in Sources */ = {isa = PBXBuildFile; fileRef = 9605E9CE1CF485A6000D1834 /* XHToast.m */; };
		961F9ECB1CEEAC990043F86C /* JTBuddyManager.m in Sources */ = {isa = PBXBuildFile; fileRef = 961F9ECA1CEEAC990043F86C /* JTBuddyManager.m */; };
		965C51EB1CF3EBA000B0F22F /* MOBFoundation.framework in Frameworks */ = {isa = PBXBuildFile; fileRef = 965C51E91CF3EBA000B0F22F /* MOBFoundation.framework */; };
		965C51EC1CF3EBA000B0F22F /* SMS_SDK.framework in Frameworks */ = {isa = PBXBuildFile; fileRef = 965C51EA1CF3EBA000B0F22F /* SMS_SDK.framework */; };
		965C51EE1CF3EC1F00B0F22F /* libz.tbd in Frameworks */ = {isa = PBXBuildFile; fileRef = 965C51ED1CF3EC1F00B0F22F /* libz.tbd */; };
		965C51F01CF3EC5100B0F22F /* libicucore.tbd in Frameworks */ = {isa = PBXBuildFile; fileRef = 965C51EF1CF3EC5100B0F22F /* libicucore.tbd */; };
		965C51F21CF3EC8400B0F22F /* MessageUI.framework in Frameworks */ = {isa = PBXBuildFile; fileRef = 965C51F11CF3EC8400B0F22F /* MessageUI.framework */; };
		965C51F41CF3ED2200B0F22F /* JavaScriptCore.framework in Frameworks */ = {isa = PBXBuildFile; fileRef = 965C51F31CF3ED2200B0F22F /* JavaScriptCore.framework */; };
		965C51F61CF3ED3700B0F22F /* libstdc++.tbd in Frameworks */ = {isa = PBXBuildFile; fileRef = 965C51F51CF3ED3700B0F22F /* libstdc++.tbd */; };
		965C52021CF4085B00B0F22F /* JTTabBarViewController.m in Sources */ = {isa = PBXBuildFile; fileRef = 965C52011CF4085B00B0F22F /* JTTabBarViewController.m */; };
		968808551CF308D0006DE07D /* JTSearchResultControllerTableViewController.m in Sources */ = {isa = PBXBuildFile; fileRef = 968808541CF308D0006DE07D /* JTSearchResultControllerTableViewController.m */; };
		968AC5B91CEF120600A14471 /* UIImage+ImageContentWithColor.m in Sources */ = {isa = PBXBuildFile; fileRef = 968AC5B81CEF120600A14471 /* UIImage+ImageContentWithColor.m */; };
		96E97E191CF04A7200DFA851 /* JTAddFriendViewController.m in Sources */ = {isa = PBXBuildFile; fileRef = 96E97E0C1CF04A7200DFA851 /* JTAddFriendViewController.m */; };
		96E97E1B1CF04A7200DFA851 /* JTContactListViewController.m in Sources */ = {isa = PBXBuildFile; fileRef = 96E97E0F1CF04A7200DFA851 /* JTContactListViewController.m */; };
		96E97E1C1CF04A7200DFA851 /* JTContactListViewController.xib in Resources */ = {isa = PBXBuildFile; fileRef = 96E97E101CF04A7200DFA851 /* JTContactListViewController.xib */; };
		96E97E1D1CF04A7200DFA851 /* JTSessionViewController.m in Sources */ = {isa = PBXBuildFile; fileRef = 96E97E121CF04A7200DFA851 /* JTSessionViewController.m */; };
		96E97E1E1CF04A7200DFA851 /* JTSessionViewController.xib in Resources */ = {isa = PBXBuildFile; fileRef = 96E97E131CF04A7200DFA851 /* JTSessionViewController.xib */; };
		96E97E1F1CF04A7200DFA851 /* SessionCell.m in Sources */ = {isa = PBXBuildFile; fileRef = 96E97E171CF04A7200DFA851 /* SessionCell.m */; };
		96E97E201CF04A7200DFA851 /* SessionCell.xib in Resources */ = {isa = PBXBuildFile; fileRef = 96E97E181CF04A7200DFA851 /* SessionCell.xib */; };
		96E97E221CF04F3300DFA851 /* Assets.xcassets in Resources */ = {isa = PBXBuildFile; fileRef = 96E97E211CF04F3300DFA851 /* Assets.xcassets */; };
		96FD78781CED92FE000FCB3C /* main.m in Sources */ = {isa = PBXBuildFile; fileRef = 96FD78771CED92FE000FCB3C /* main.m */; };
		96FD78811CED92FE000FCB3C /* Main.storyboard in Resources */ = {isa = PBXBuildFile; fileRef = 96FD787F1CED92FE000FCB3C /* Main.storyboard */; };
		96FD78861CED92FE000FCB3C /* LaunchScreen.storyboard in Resources */ = {isa = PBXBuildFile; fileRef = 96FD78841CED92FE000FCB3C /* LaunchScreen.storyboard */; };
		96FD78981CED93F2000FCB3C /* AppDelegate.m in Sources */ = {isa = PBXBuildFile; fileRef = 96FD78901CED93F2000FCB3C /* AppDelegate.m */; };
		96FD78C51CEDD501000FCB3C /* JTTabBar.m in Sources */ = {isa = PBXBuildFile; fileRef = 96FD78C11CEDD501000FCB3C /* JTTabBar.m */; };
		96FD78CA1CEDD8D9000FCB3C /* UIView+XYWidthHeight.m in Sources */ = {isa = PBXBuildFile; fileRef = 96FD78C91CEDD8D9000FCB3C /* UIView+XYWidthHeight.m */; };
		C220B3531CF433A0009A6560 /* JTRegisterViewController.m in Sources */ = {isa = PBXBuildFile; fileRef = C220B34E1CF433A0009A6560 /* JTRegisterViewController.m */; };
		C220B3541CF433A0009A6560 /* JTRegisterViewController.xib in Resources */ = {isa = PBXBuildFile; fileRef = C220B34F1CF433A0009A6560 /* JTRegisterViewController.xib */; };
		C220B3551CF433A0009A6560 /* JTSignInChoiceViewController.m in Sources */ = {isa = PBXBuildFile; fileRef = C220B3511CF433A0009A6560 /* JTSignInChoiceViewController.m */; };
		C220B3561CF433A0009A6560 /* JTSignInChoiceViewController.xib in Resources */ = {isa = PBXBuildFile; fileRef = C220B3521CF433A0009A6560 /* JTSignInChoiceViewController.xib */; };
		C220B35F1CF43499009A6560 /* ZDUserViewController.m in Sources */ = {isa = PBXBuildFile; fileRef = C220B35E1CF43499009A6560 /* ZDUserViewController.m */; };
		C220B3671CF43AA1009A6560 /* ZDCustomUserTableViewCell.m in Sources */ = {isa = PBXBuildFile; fileRef = C220B3661CF43AA1009A6560 /* ZDCustomUserTableViewCell.m */; };
		C220B36E1CF44111009A6560 /* tableViewHeader.jpg in Resources */ = {isa = PBXBuildFile; fileRef = C220B36D1CF44111009A6560 /* tableViewHeader.jpg */; };
		C220B3751CF451E6009A6560 /* ZDCustomHeaderView.m in Sources */ = {isa = PBXBuildFile; fileRef = C220B3741CF451E6009A6560 /* ZDCustomHeaderView.m */; };
		C220B3801CF485F2009A6560 /* anquan.png in Resources */ = {isa = PBXBuildFile; fileRef = C220B37B1CF485F2009A6560 /* anquan.png */; };
		C220B3811CF485F2009A6560 /* huancun.png in Resources */ = {isa = PBXBuildFile; fileRef = C220B37C1CF485F2009A6560 /* huancun.png */; };
		C220B3821CF485F2009A6560 /* quanzi.png in Resources */ = {isa = PBXBuildFile; fileRef = C220B37D1CF485F2009A6560 /* quanzi.png */; };
		C220B3831CF485F2009A6560 /* shezhi.png in Resources */ = {isa = PBXBuildFile; fileRef = C220B37E1CF485F2009A6560 /* shezhi.png */; };
		C220B3841CF485F2009A6560 /* ziliao.png in Resources */ = {isa = PBXBuildFile; fileRef = C220B37F1CF485F2009A6560 /* ziliao.png */; };
		C220B3861CF486CD009A6560 /* zhuti.png in Resources */ = {isa = PBXBuildFile; fileRef = C220B3851CF486CD009A6560 /* zhuti.png */; };
		C22BC6CC1CEE01DA00E7AF10 /* Topic.m in Sources */ = {isa = PBXBuildFile; fileRef = C22BC6CB1CEE01DA00E7AF10 /* Topic.m */; };
		C23CA6771CEF23FD008C52C2 /* MBProgressHUD+gifHUD.m in Sources */ = {isa = PBXBuildFile; fileRef = C23CA6761CEF23FD008C52C2 /* MBProgressHUD+gifHUD.m */; };
		C2533CBA1CEDEBDC00C134C6 /* InfomationHandle.m in Sources */ = {isa = PBXBuildFile; fileRef = C2533CB71CEDEBDC00C134C6 /* InfomationHandle.m */; };
		C2533CBB1CEDEBDC00C134C6 /* NetWorkRequest.m in Sources */ = {isa = PBXBuildFile; fileRef = C2533CB91CEDEBDC00C134C6 /* NetWorkRequest.m */; };
		C2533CC61CEDEC0A00C134C6 /* MainViewController.m in Sources */ = {isa = PBXBuildFile; fileRef = C2533CBF1CEDEC0A00C134C6 /* MainViewController.m */; };
		C2533CC71CEDEC0A00C134C6 /* MainViewController.xib in Resources */ = {isa = PBXBuildFile; fileRef = C2533CC01CEDEC0A00C134C6 /* MainViewController.xib */; };
		C2533CC81CEDEC0A00C134C6 /* MainViewCell.m in Sources */ = {isa = PBXBuildFile; fileRef = C2533CC41CEDEC0A00C134C6 /* MainViewCell.m */; };
		C2533CC91CEDEC0A00C134C6 /* MainViewCell.xib in Resources */ = {isa = PBXBuildFile; fileRef = C2533CC51CEDEC0A00C134C6 /* MainViewCell.xib */; };
		C2A7DC771CF311D900492355 /* ZYVideoCell.m in Sources */ = {isa = PBXBuildFile; fileRef = C2A7DC6F1CF311D900492355 /* ZYVideoCell.m */; };
		C2A7DC781CF311D900492355 /* ZYVideoCell.xib in Resources */ = {isa = PBXBuildFile; fileRef = C2A7DC701CF311D900492355 /* ZYVideoCell.xib */; };
		C2A7DC791CF311D900492355 /* ZYVideoViewController.m in Sources */ = {isa = PBXBuildFile; fileRef = C2A7DC721CF311D900492355 /* ZYVideoViewController.m */; };
		C2A7DC7A1CF311D900492355 /* ZYAVPlayer.m in Sources */ = {isa = PBXBuildFile; fileRef = C2A7DC761CF311D900492355 /* ZYAVPlayer.m */; };
		C2A7DC7D1CF33B9B00492355 /* ZYButton.m in Sources */ = {isa = PBXBuildFile; fileRef = C2A7DC7C1CF33B9B00492355 /* ZYButton.m */; };
		C2DEA0701CF2E991002E1120 /* LWNCustomButton.m in Sources */ = {isa = PBXBuildFile; fileRef = C2DEA06F1CF2E991002E1120 /* LWNCustomButton.m */; };
		C2DEA0731CF2F1EE002E1120 /* LWNCustomView.m in Sources */ = {isa = PBXBuildFile; fileRef = C2DEA0721CF2F1EE002E1120 /* LWNCustomView.m */; };
		C2E0C4811CF05636006CCD96 /* ZDCustomButton.m in Sources */ = {isa = PBXBuildFile; fileRef = C2E0C47D1CF05636006CCD96 /* ZDCustomButton.m */; };
		C2E0C4821CF05636006CCD96 /* ZDPublishView.m in Sources */ = {isa = PBXBuildFile; fileRef = C2E0C47F1CF05636006CCD96 /* ZDPublishView.m */; };
		C2E0C4831CF05636006CCD96 /* ZDPublishView.xib in Resources */ = {isa = PBXBuildFile; fileRef = C2E0C4801CF05636006CCD96 /* ZDPublishView.xib */; };
		CB3964DC64143C48D3728A42 /* libPods-DuBi.a in Frameworks */ = {isa = PBXBuildFile; fileRef = 1EA63ACCE108F063FF901999 /* libPods-DuBi.a */; };
/* End PBXBuildFile section */

/* Begin PBXFileReference section */
		11370B36862CFBFC213D5E69 /* Pods-DuBi.debug.xcconfig */ = {isa = PBXFileReference; includeInIndex = 1; lastKnownFileType = text.xcconfig; name = "Pods-DuBi.debug.xcconfig"; path = "Pods/Target Support Files/Pods-DuBi/Pods-DuBi.debug.xcconfig"; sourceTree = "<group>"; };
		1EA63ACCE108F063FF901999 /* libPods-DuBi.a */ = {isa = PBXFileReference; explicitFileType = archive.ar; includeInIndex = 0; path = "libPods-DuBi.a"; sourceTree = BUILT_PRODUCTS_DIR; };
		5E5F93F56FFD50A149AAD8FA /* Pods-DuBi.release.xcconfig */ = {isa = PBXFileReference; includeInIndex = 1; lastKnownFileType = text.xcconfig; name = "Pods-DuBi.release.xcconfig"; path = "Pods/Target Support Files/Pods-DuBi/Pods-DuBi.release.xcconfig"; sourceTree = "<group>"; };
		9605E9C91CF47E47000D1834 /* RegularUtils.h */ = {isa = PBXFileReference; fileEncoding = 4; lastKnownFileType = sourcecode.c.h; path = RegularUtils.h; sourceTree = "<group>"; };
		9605E9CA1CF47E47000D1834 /* RegularUtils.m */ = {isa = PBXFileReference; fileEncoding = 4; lastKnownFileType = sourcecode.c.objc; path = RegularUtils.m; sourceTree = "<group>"; };
		9605E9CD1CF485A6000D1834 /* XHToast.h */ = {isa = PBXFileReference; fileEncoding = 4; lastKnownFileType = sourcecode.c.h; path = XHToast.h; sourceTree = "<group>"; };
		9605E9CE1CF485A6000D1834 /* XHToast.m */ = {isa = PBXFileReference; fileEncoding = 4; lastKnownFileType = sourcecode.c.objc; path = XHToast.m; sourceTree = "<group>"; };
		961F9EC91CEEAC990043F86C /* JTBuddyManager.h */ = {isa = PBXFileReference; fileEncoding = 4; lastKnownFileType = sourcecode.c.h; path = JTBuddyManager.h; sourceTree = "<group>"; };
		961F9ECA1CEEAC990043F86C /* JTBuddyManager.m */ = {isa = PBXFileReference; fileEncoding = 4; lastKnownFileType = sourcecode.c.objc; path = JTBuddyManager.m; sourceTree = "<group>"; };
		965C51E91CF3EBA000B0F22F /* MOBFoundation.framework */ = {isa = PBXFileReference; lastKnownFileType = wrapper.framework; path = MOBFoundation.framework; sourceTree = "<group>"; };
		965C51EA1CF3EBA000B0F22F /* SMS_SDK.framework */ = {isa = PBXFileReference; lastKnownFileType = wrapper.framework; path = SMS_SDK.framework; sourceTree = "<group>"; };
		965C51ED1CF3EC1F00B0F22F /* libz.tbd */ = {isa = PBXFileReference; lastKnownFileType = "sourcecode.text-based-dylib-definition"; name = libz.tbd; path = usr/lib/libz.tbd; sourceTree = SDKROOT; };
		965C51EF1CF3EC5100B0F22F /* libicucore.tbd */ = {isa = PBXFileReference; lastKnownFileType = "sourcecode.text-based-dylib-definition"; name = libicucore.tbd; path = usr/lib/libicucore.tbd; sourceTree = SDKROOT; };
		965C51F11CF3EC8400B0F22F /* MessageUI.framework */ = {isa = PBXFileReference; lastKnownFileType = wrapper.framework; name = MessageUI.framework; path = System/Library/Frameworks/MessageUI.framework; sourceTree = SDKROOT; };
		965C51F31CF3ED2200B0F22F /* JavaScriptCore.framework */ = {isa = PBXFileReference; lastKnownFileType = wrapper.framework; name = JavaScriptCore.framework; path = System/Library/Frameworks/JavaScriptCore.framework; sourceTree = SDKROOT; };
		965C51F51CF3ED3700B0F22F /* libstdc++.tbd */ = {isa = PBXFileReference; lastKnownFileType = "sourcecode.text-based-dylib-definition"; name = "libstdc++.tbd"; path = "usr/lib/libstdc++.tbd"; sourceTree = SDKROOT; };
		965C52001CF4085B00B0F22F /* JTTabBarViewController.h */ = {isa = PBXFileReference; fileEncoding = 4; lastKnownFileType = sourcecode.c.h; path = JTTabBarViewController.h; sourceTree = "<group>"; };
		965C52011CF4085B00B0F22F /* JTTabBarViewController.m */ = {isa = PBXFileReference; fileEncoding = 4; lastKnownFileType = sourcecode.c.objc; path = JTTabBarViewController.m; sourceTree = "<group>"; };
		968808531CF308D0006DE07D /* JTSearchResultControllerTableViewController.h */ = {isa = PBXFileReference; fileEncoding = 4; lastKnownFileType = sourcecode.c.h; path = JTSearchResultControllerTableViewController.h; sourceTree = "<group>"; };
		968808541CF308D0006DE07D /* JTSearchResultControllerTableViewController.m */ = {isa = PBXFileReference; fileEncoding = 4; lastKnownFileType = sourcecode.c.objc; path = JTSearchResultControllerTableViewController.m; sourceTree = "<group>"; };
		968AC5B51CEF113600A14471 /* Color_marco.h */ = {isa = PBXFileReference; fileEncoding = 4; lastKnownFileType = sourcecode.c.h; path = Color_marco.h; sourceTree = "<group>"; };
		968AC5B61CEF117B00A14471 /* Main_marco.h */ = {isa = PBXFileReference; fileEncoding = 4; lastKnownFileType = sourcecode.c.h; path = Main_marco.h; sourceTree = "<group>"; };
		968AC5B71CEF120600A14471 /* UIImage+ImageContentWithColor.h */ = {isa = PBXFileReference; fileEncoding = 4; lastKnownFileType = sourcecode.c.h; path = "UIImage+ImageContentWithColor.h"; sourceTree = "<group>"; };
		968AC5B81CEF120600A14471 /* UIImage+ImageContentWithColor.m */ = {isa = PBXFileReference; fileEncoding = 4; lastKnownFileType = sourcecode.c.objc; path = "UIImage+ImageContentWithColor.m"; sourceTree = "<group>"; };
		96E97E0B1CF04A7200DFA851 /* JTAddFriendViewController.h */ = {isa = PBXFileReference; fileEncoding = 4; lastKnownFileType = sourcecode.c.h; path = JTAddFriendViewController.h; sourceTree = "<group>"; };
		96E97E0C1CF04A7200DFA851 /* JTAddFriendViewController.m */ = {isa = PBXFileReference; fileEncoding = 4; lastKnownFileType = sourcecode.c.objc; path = JTAddFriendViewController.m; sourceTree = "<group>"; };
		96E97E0E1CF04A7200DFA851 /* JTContactListViewController.h */ = {isa = PBXFileReference; fileEncoding = 4; lastKnownFileType = sourcecode.c.h; path = JTContactListViewController.h; sourceTree = "<group>"; };
		96E97E0F1CF04A7200DFA851 /* JTContactListViewController.m */ = {isa = PBXFileReference; fileEncoding = 4; lastKnownFileType = sourcecode.c.objc; path = JTContactListViewController.m; sourceTree = "<group>"; };
		96E97E101CF04A7200DFA851 /* JTContactListViewController.xib */ = {isa = PBXFileReference; fileEncoding = 4; lastKnownFileType = file.xib; path = JTContactListViewController.xib; sourceTree = "<group>"; };
		96E97E111CF04A7200DFA851 /* JTSessionViewController.h */ = {isa = PBXFileReference; fileEncoding = 4; lastKnownFileType = sourcecode.c.h; path = JTSessionViewController.h; sourceTree = "<group>"; };
		96E97E121CF04A7200DFA851 /* JTSessionViewController.m */ = {isa = PBXFileReference; fileEncoding = 4; lastKnownFileType = sourcecode.c.objc; path = JTSessionViewController.m; sourceTree = "<group>"; };
		96E97E131CF04A7200DFA851 /* JTSessionViewController.xib */ = {isa = PBXFileReference; fileEncoding = 4; lastKnownFileType = file.xib; path = JTSessionViewController.xib; sourceTree = "<group>"; };
		96E97E161CF04A7200DFA851 /* SessionCell.h */ = {isa = PBXFileReference; fileEncoding = 4; lastKnownFileType = sourcecode.c.h; path = SessionCell.h; sourceTree = "<group>"; };
		96E97E171CF04A7200DFA851 /* SessionCell.m */ = {isa = PBXFileReference; fileEncoding = 4; lastKnownFileType = sourcecode.c.objc; path = SessionCell.m; sourceTree = "<group>"; };
		96E97E181CF04A7200DFA851 /* SessionCell.xib */ = {isa = PBXFileReference; fileEncoding = 4; lastKnownFileType = file.xib; path = SessionCell.xib; sourceTree = "<group>"; };
		96E97E211CF04F3300DFA851 /* Assets.xcassets */ = {isa = PBXFileReference; lastKnownFileType = folder.assetcatalog; path = Assets.xcassets; sourceTree = "<group>"; };
		96FD78731CED92FE000FCB3C /* DuBi.app */ = {isa = PBXFileReference; explicitFileType = wrapper.application; includeInIndex = 0; path = DuBi.app; sourceTree = BUILT_PRODUCTS_DIR; };
		96FD78771CED92FE000FCB3C /* main.m */ = {isa = PBXFileReference; lastKnownFileType = sourcecode.c.objc; path = main.m; sourceTree = "<group>"; };
		96FD78801CED92FE000FCB3C /* Base */ = {isa = PBXFileReference; lastKnownFileType = file.storyboard; name = Base; path = Base.lproj/Main.storyboard; sourceTree = "<group>"; };
		96FD78851CED92FE000FCB3C /* Base */ = {isa = PBXFileReference; lastKnownFileType = file.storyboard; name = Base; path = Base.lproj/LaunchScreen.storyboard; sourceTree = "<group>"; };
		96FD78871CED92FE000FCB3C /* Info.plist */ = {isa = PBXFileReference; lastKnownFileType = text.plist.xml; path = Info.plist; sourceTree = "<group>"; };
		96FD788F1CED93F2000FCB3C /* AppDelegate.h */ = {isa = PBXFileReference; fileEncoding = 4; lastKnownFileType = sourcecode.c.h; path = AppDelegate.h; sourceTree = "<group>"; };
		96FD78901CED93F2000FCB3C /* AppDelegate.m */ = {isa = PBXFileReference; fileEncoding = 4; lastKnownFileType = sourcecode.c.objc; path = AppDelegate.m; sourceTree = "<group>"; };
		96FD78C01CEDD501000FCB3C /* JTTabBar.h */ = {isa = PBXFileReference; fileEncoding = 4; lastKnownFileType = sourcecode.c.h; path = JTTabBar.h; sourceTree = "<group>"; };
		96FD78C11CEDD501000FCB3C /* JTTabBar.m */ = {isa = PBXFileReference; fileEncoding = 4; lastKnownFileType = sourcecode.c.objc; path = JTTabBar.m; sourceTree = "<group>"; };
		96FD78C81CEDD8D9000FCB3C /* UIView+XYWidthHeight.h */ = {isa = PBXFileReference; fileEncoding = 4; lastKnownFileType = sourcecode.c.h; path = "UIView+XYWidthHeight.h"; sourceTree = "<group>"; };
		96FD78C91CEDD8D9000FCB3C /* UIView+XYWidthHeight.m */ = {isa = PBXFileReference; fileEncoding = 4; lastKnownFileType = sourcecode.c.objc; path = "UIView+XYWidthHeight.m"; sourceTree = "<group>"; };
		C220B34D1CF433A0009A6560 /* JTRegisterViewController.h */ = {isa = PBXFileReference; fileEncoding = 4; lastKnownFileType = sourcecode.c.h; path = JTRegisterViewController.h; sourceTree = "<group>"; };
		C220B34E1CF433A0009A6560 /* JTRegisterViewController.m */ = {isa = PBXFileReference; fileEncoding = 4; lastKnownFileType = sourcecode.c.objc; path = JTRegisterViewController.m; sourceTree = "<group>"; };
		C220B34F1CF433A0009A6560 /* JTRegisterViewController.xib */ = {isa = PBXFileReference; fileEncoding = 4; lastKnownFileType = file.xib; path = JTRegisterViewController.xib; sourceTree = "<group>"; };
		C220B3501CF433A0009A6560 /* JTSignInChoiceViewController.h */ = {isa = PBXFileReference; fileEncoding = 4; lastKnownFileType = sourcecode.c.h; path = JTSignInChoiceViewController.h; sourceTree = "<group>"; };
		C220B3511CF433A0009A6560 /* JTSignInChoiceViewController.m */ = {isa = PBXFileReference; fileEncoding = 4; lastKnownFileType = sourcecode.c.objc; path = JTSignInChoiceViewController.m; sourceTree = "<group>"; };
		C220B3521CF433A0009A6560 /* JTSignInChoiceViewController.xib */ = {isa = PBXFileReference; fileEncoding = 4; lastKnownFileType = file.xib; path = JTSignInChoiceViewController.xib; sourceTree = "<group>"; };
		C220B35D1CF43499009A6560 /* ZDUserViewController.h */ = {isa = PBXFileReference; fileEncoding = 4; lastKnownFileType = sourcecode.c.h; path = ZDUserViewController.h; sourceTree = "<group>"; };
		C220B35E1CF43499009A6560 /* ZDUserViewController.m */ = {isa = PBXFileReference; fileEncoding = 4; lastKnownFileType = sourcecode.c.objc; path = ZDUserViewController.m; sourceTree = "<group>"; };
		C220B3651CF43AA1009A6560 /* ZDCustomUserTableViewCell.h */ = {isa = PBXFileReference; fileEncoding = 4; lastKnownFileType = sourcecode.c.h; name = ZDCustomUserTableViewCell.h; path = DuBi/classes/Scenes/signInAndRegister/ZDCustomUserTableViewCell.h; sourceTree = SOURCE_ROOT; };
		C220B3661CF43AA1009A6560 /* ZDCustomUserTableViewCell.m */ = {isa = PBXFileReference; fileEncoding = 4; lastKnownFileType = sourcecode.c.objc; name = ZDCustomUserTableViewCell.m; path = DuBi/classes/Scenes/signInAndRegister/ZDCustomUserTableViewCell.m; sourceTree = SOURCE_ROOT; };
		C220B36D1CF44111009A6560 /* tableViewHeader.jpg */ = {isa = PBXFileReference; lastKnownFileType = image.jpeg; name = tableViewHeader.jpg; path = ../tableViewHeader.jpg; sourceTree = "<group>"; };
		C220B3731CF451E6009A6560 /* ZDCustomHeaderView.h */ = {isa = PBXFileReference; fileEncoding = 4; lastKnownFileType = sourcecode.c.h; name = ZDCustomHeaderView.h; path = DuBi/classes/Scenes/signInAndRegister/ZDCustomHeaderView.h; sourceTree = SOURCE_ROOT; };
		C220B3741CF451E6009A6560 /* ZDCustomHeaderView.m */ = {isa = PBXFileReference; fileEncoding = 4; lastKnownFileType = sourcecode.c.objc; name = ZDCustomHeaderView.m; path = DuBi/classes/Scenes/signInAndRegister/ZDCustomHeaderView.m; sourceTree = SOURCE_ROOT; };
		C220B37B1CF485F2009A6560 /* anquan.png */ = {isa = PBXFileReference; lastKnownFileType = image.png; path = anquan.png; sourceTree = "<group>"; };
		C220B37C1CF485F2009A6560 /* huancun.png */ = {isa = PBXFileReference; lastKnownFileType = image.png; path = huancun.png; sourceTree = "<group>"; };
		C220B37D1CF485F2009A6560 /* quanzi.png */ = {isa = PBXFileReference; lastKnownFileType = image.png; path = quanzi.png; sourceTree = "<group>"; };
		C220B37E1CF485F2009A6560 /* shezhi.png */ = {isa = PBXFileReference; lastKnownFileType = image.png; path = shezhi.png; sourceTree = "<group>"; };
		C220B37F1CF485F2009A6560 /* ziliao.png */ = {isa = PBXFileReference; lastKnownFileType = image.png; path = ziliao.png; sourceTree = "<group>"; };
		C220B3851CF486CD009A6560 /* zhuti.png */ = {isa = PBXFileReference; lastKnownFileType = image.png; path = zhuti.png; sourceTree = "<group>"; };
		C22BC6C91CEDFC0900E7AF10 /* Singleton.h */ = {isa = PBXFileReference; lastKnownFileType = sourcecode.c.h; name = Singleton.h; path = DuBi/classes/Scenes/MainPageView/Singleton.h; sourceTree = SOURCE_ROOT; };
		C22BC6CA1CEE01DA00E7AF10 /* Topic.h */ = {isa = PBXFileReference; fileEncoding = 4; lastKnownFileType = sourcecode.c.h; path = Topic.h; sourceTree = "<group>"; };
		C22BC6CB1CEE01DA00E7AF10 /* Topic.m */ = {isa = PBXFileReference; fileEncoding = 4; lastKnownFileType = sourcecode.c.objc; path = Topic.m; sourceTree = "<group>"; };
		C23CA6751CEF23FD008C52C2 /* MBProgressHUD+gifHUD.h */ = {isa = PBXFileReference; fileEncoding = 4; lastKnownFileType = sourcecode.c.h; path = "MBProgressHUD+gifHUD.h"; sourceTree = "<group>"; };
		C23CA6761CEF23FD008C52C2 /* MBProgressHUD+gifHUD.m */ = {isa = PBXFileReference; fileEncoding = 4; lastKnownFileType = sourcecode.c.objc; path = "MBProgressHUD+gifHUD.m"; sourceTree = "<group>"; };
		C23CA6781CEF27B0008C52C2 /* LWNMainPageUrl.h */ = {isa = PBXFileReference; lastKnownFileType = sourcecode.c.h; path = LWNMainPageUrl.h; sourceTree = "<group>"; };
		C2533CB61CEDEBDC00C134C6 /* InfomationHandle.h */ = {isa = PBXFileReference; fileEncoding = 4; lastKnownFileType = sourcecode.c.h; path = InfomationHandle.h; sourceTree = "<group>"; };
		C2533CB71CEDEBDC00C134C6 /* InfomationHandle.m */ = {isa = PBXFileReference; fileEncoding = 4; lastKnownFileType = sourcecode.c.objc; path = InfomationHandle.m; sourceTree = "<group>"; };
		C2533CB81CEDEBDC00C134C6 /* NetWorkRequest.h */ = {isa = PBXFileReference; fileEncoding = 4; lastKnownFileType = sourcecode.c.h; path = NetWorkRequest.h; sourceTree = "<group>"; };
		C2533CB91CEDEBDC00C134C6 /* NetWorkRequest.m */ = {isa = PBXFileReference; fileEncoding = 4; lastKnownFileType = sourcecode.c.objc; path = NetWorkRequest.m; sourceTree = "<group>"; };
		C2533CBE1CEDEC0A00C134C6 /* MainViewController.h */ = {isa = PBXFileReference; fileEncoding = 4; lastKnownFileType = sourcecode.c.h; path = MainViewController.h; sourceTree = "<group>"; };
		C2533CBF1CEDEC0A00C134C6 /* MainViewController.m */ = {isa = PBXFileReference; fileEncoding = 4; lastKnownFileType = sourcecode.c.objc; path = MainViewController.m; sourceTree = "<group>"; };
		C2533CC01CEDEC0A00C134C6 /* MainViewController.xib */ = {isa = PBXFileReference; fileEncoding = 4; lastKnownFileType = file.xib; path = MainViewController.xib; sourceTree = "<group>"; };
		C2533CC31CEDEC0A00C134C6 /* MainViewCell.h */ = {isa = PBXFileReference; fileEncoding = 4; lastKnownFileType = sourcecode.c.h; path = MainViewCell.h; sourceTree = "<group>"; };
		C2533CC41CEDEC0A00C134C6 /* MainViewCell.m */ = {isa = PBXFileReference; fileEncoding = 4; lastKnownFileType = sourcecode.c.objc; path = MainViewCell.m; sourceTree = "<group>"; };
		C2533CC51CEDEC0A00C134C6 /* MainViewCell.xib */ = {isa = PBXFileReference; fileEncoding = 4; lastKnownFileType = file.xib; path = MainViewCell.xib; sourceTree = "<group>"; };
		C2A7DC6E1CF311D900492355 /* ZYVideoCell.h */ = {isa = PBXFileReference; fileEncoding = 4; lastKnownFileType = sourcecode.c.h; name = ZYVideoCell.h; path = ../Controllers/ZYVideoCell.h; sourceTree = "<group>"; };
		C2A7DC6F1CF311D900492355 /* ZYVideoCell.m */ = {isa = PBXFileReference; fileEncoding = 4; lastKnownFileType = sourcecode.c.objc; name = ZYVideoCell.m; path = ../Controllers/ZYVideoCell.m; sourceTree = "<group>"; };
		C2A7DC701CF311D900492355 /* ZYVideoCell.xib */ = {isa = PBXFileReference; fileEncoding = 4; lastKnownFileType = file.xib; name = ZYVideoCell.xib; path = ../Controllers/ZYVideoCell.xib; sourceTree = "<group>"; };
		C2A7DC711CF311D900492355 /* ZYVideoViewController.h */ = {isa = PBXFileReference; fileEncoding = 4; lastKnownFileType = sourcecode.c.h; path = ZYVideoViewController.h; sourceTree = "<group>"; };
		C2A7DC721CF311D900492355 /* ZYVideoViewController.m */ = {isa = PBXFileReference; fileEncoding = 4; lastKnownFileType = sourcecode.c.objc; path = ZYVideoViewController.m; sourceTree = "<group>"; };
		C2A7DC751CF311D900492355 /* ZYAVPlayer.h */ = {isa = PBXFileReference; fileEncoding = 4; lastKnownFileType = sourcecode.c.h; path = ZYAVPlayer.h; sourceTree = "<group>"; };
		C2A7DC761CF311D900492355 /* ZYAVPlayer.m */ = {isa = PBXFileReference; fileEncoding = 4; lastKnownFileType = sourcecode.c.objc; path = ZYAVPlayer.m; sourceTree = "<group>"; };
		C2A7DC7B1CF33B9B00492355 /* ZYButton.h */ = {isa = PBXFileReference; fileEncoding = 4; lastKnownFileType = sourcecode.c.h; path = ZYButton.h; sourceTree = "<group>"; };
		C2A7DC7C1CF33B9B00492355 /* ZYButton.m */ = {isa = PBXFileReference; fileEncoding = 4; lastKnownFileType = sourcecode.c.objc; path = ZYButton.m; sourceTree = "<group>"; };
		C2DEA06E1CF2E991002E1120 /* LWNCustomButton.h */ = {isa = PBXFileReference; fileEncoding = 4; lastKnownFileType = sourcecode.c.h; path = LWNCustomButton.h; sourceTree = "<group>"; };
		C2DEA06F1CF2E991002E1120 /* LWNCustomButton.m */ = {isa = PBXFileReference; fileEncoding = 4; lastKnownFileType = sourcecode.c.objc; path = LWNCustomButton.m; sourceTree = "<group>"; };
		C2DEA0711CF2F1EE002E1120 /* LWNCustomView.h */ = {isa = PBXFileReference; fileEncoding = 4; lastKnownFileType = sourcecode.c.h; path = LWNCustomView.h; sourceTree = "<group>"; };
		C2DEA0721CF2F1EE002E1120 /* LWNCustomView.m */ = {isa = PBXFileReference; fileEncoding = 4; lastKnownFileType = sourcecode.c.objc; path = LWNCustomView.m; sourceTree = "<group>"; };
		C2E0C47C1CF05636006CCD96 /* ZDCustomButton.h */ = {isa = PBXFileReference; fileEncoding = 4; lastKnownFileType = sourcecode.c.h; path = ZDCustomButton.h; sourceTree = "<group>"; };
		C2E0C47D1CF05636006CCD96 /* ZDCustomButton.m */ = {isa = PBXFileReference; fileEncoding = 4; lastKnownFileType = sourcecode.c.objc; path = ZDCustomButton.m; sourceTree = "<group>"; };
		C2E0C47E1CF05636006CCD96 /* ZDPublishView.h */ = {isa = PBXFileReference; fileEncoding = 4; lastKnownFileType = sourcecode.c.h; path = ZDPublishView.h; sourceTree = "<group>"; };
		C2E0C47F1CF05636006CCD96 /* ZDPublishView.m */ = {isa = PBXFileReference; fileEncoding = 4; lastKnownFileType = sourcecode.c.objc; path = ZDPublishView.m; sourceTree = "<group>"; };
		C2E0C4801CF05636006CCD96 /* ZDPublishView.xib */ = {isa = PBXFileReference; fileEncoding = 4; lastKnownFileType = file.xib; path = ZDPublishView.xib; sourceTree = "<group>"; };
/* End PBXFileReference section */

/* Begin PBXFrameworksBuildPhase section */
		96FD78701CED92FE000FCB3C /* Frameworks */ = {
			isa = PBXFrameworksBuildPhase;
			buildActionMask = 2147483647;
			files = (
				965C51F61CF3ED3700B0F22F /* libstdc++.tbd in Frameworks */,
				965C51F41CF3ED2200B0F22F /* JavaScriptCore.framework in Frameworks */,
				965C51F21CF3EC8400B0F22F /* MessageUI.framework in Frameworks */,
				965C51F01CF3EC5100B0F22F /* libicucore.tbd in Frameworks */,
				965C51EE1CF3EC1F00B0F22F /* libz.tbd in Frameworks */,
				965C51EC1CF3EBA000B0F22F /* SMS_SDK.framework in Frameworks */,
				965C51EB1CF3EBA000B0F22F /* MOBFoundation.framework in Frameworks */,
				CB3964DC64143C48D3728A42 /* libPods-DuBi.a in Frameworks */,
			);
			runOnlyForDeploymentPostprocessing = 0;
		};
/* End PBXFrameworksBuildPhase section */

/* Begin PBXGroup section */
		3C94F929D7E0E54C048AEC15 /* Pods */ = {
			isa = PBXGroup;
			children = (
				11370B36862CFBFC213D5E69 /* Pods-DuBi.debug.xcconfig */,
				5E5F93F56FFD50A149AAD8FA /* Pods-DuBi.release.xcconfig */,
			);
			name = Pods;
			sourceTree = "<group>";
		};
		79939B0E58BB4BC289F17EB9 /* Frameworks */ = {
			isa = PBXGroup;
			children = (
				965C51F51CF3ED3700B0F22F /* libstdc++.tbd */,
				965C51F31CF3ED2200B0F22F /* JavaScriptCore.framework */,
				965C51F11CF3EC8400B0F22F /* MessageUI.framework */,
				965C51EF1CF3EC5100B0F22F /* libicucore.tbd */,
				965C51ED1CF3EC1F00B0F22F /* libz.tbd */,
				1EA63ACCE108F063FF901999 /* libPods-DuBi.a */,
			);
			name = Frameworks;
			sourceTree = "<group>";
		};
		9605E9C81CF47E47000D1834 /* RegularUtils */ = {
			isa = PBXGroup;
			children = (
				9605E9C91CF47E47000D1834 /* RegularUtils.h */,
				9605E9CA1CF47E47000D1834 /* RegularUtils.m */,
			);
			path = RegularUtils;
			sourceTree = "<group>";
		};
		9605E9CC1CF485A6000D1834 /* XHToast */ = {
			isa = PBXGroup;
			children = (
				9605E9CD1CF485A6000D1834 /* XHToast.h */,
				9605E9CE1CF485A6000D1834 /* XHToast.m */,
			);
			path = XHToast;
			sourceTree = "<group>";
		};
		965C51E81CF3EBA000B0F22F /* SMS_SDK */ = {
			isa = PBXGroup;
			children = (
				965C51E91CF3EBA000B0F22F /* MOBFoundation.framework */,
				965C51EA1CF3EBA000B0F22F /* SMS_SDK.framework */,
			);
			name = SMS_SDK;
			path = DuBi/SMS_SDK;
			sourceTree = "<group>";
		};
		965C51F71CF3EDDC00B0F22F /* signInAndRegister */ = {
			isa = PBXGroup;
			children = (
				C220B3571CF433B0009A6560 /* Controller */,
				965C51F91CF3EDDC00B0F22F /* Model */,
				965C51FA1CF3EDDC00B0F22F /* Views */,
			);
			path = signInAndRegister;
			sourceTree = "<group>";
		};
		965C51F91CF3EDDC00B0F22F /* Model */ = {
			isa = PBXGroup;
			children = (
				96FD78951CED93F2000FCB3C /* Resources */,
			);
			path = Model;
			sourceTree = "<group>";
		};
		965C51FA1CF3EDDC00B0F22F /* Views */ = {
			isa = PBXGroup;
			children = (
				C220B3651CF43AA1009A6560 /* ZDCustomUserTableViewCell.h */,
				C220B3661CF43AA1009A6560 /* ZDCustomUserTableViewCell.m */,
				C220B3731CF451E6009A6560 /* ZDCustomHeaderView.h */,
				C220B3741CF451E6009A6560 /* ZDCustomHeaderView.m */,
			);
			path = Views;
			sourceTree = "<group>";
		};
		96E97E091CF04A7200DFA851 /* BuddyAndMessageView */ = {
			isa = PBXGroup;
			children = (
				96E97E0A1CF04A7200DFA851 /* Controller */,
				96E97E141CF04A7200DFA851 /* Model */,
				96E97E151CF04A7200DFA851 /* View */,
			);
			path = BuddyAndMessageView;
			sourceTree = "<group>";
		};
		96E97E0A1CF04A7200DFA851 /* Controller */ = {
			isa = PBXGroup;
			children = (
				96E97E0B1CF04A7200DFA851 /* JTAddFriendViewController.h */,
				96E97E0C1CF04A7200DFA851 /* JTAddFriendViewController.m */,
				968808531CF308D0006DE07D /* JTSearchResultControllerTableViewController.h */,
				968808541CF308D0006DE07D /* JTSearchResultControllerTableViewController.m */,
				96E97E0E1CF04A7200DFA851 /* JTContactListViewController.h */,
				96E97E0F1CF04A7200DFA851 /* JTContactListViewController.m */,
				96E97E101CF04A7200DFA851 /* JTContactListViewController.xib */,
				96E97E111CF04A7200DFA851 /* JTSessionViewController.h */,
				96E97E121CF04A7200DFA851 /* JTSessionViewController.m */,
				96E97E131CF04A7200DFA851 /* JTSessionViewController.xib */,
			);
			path = Controller;
			sourceTree = "<group>";
		};
		96E97E141CF04A7200DFA851 /* Model */ = {
			isa = PBXGroup;
			children = (
			);
			path = Model;
			sourceTree = "<group>";
		};
		96E97E151CF04A7200DFA851 /* View */ = {
			isa = PBXGroup;
			children = (
				96E97E161CF04A7200DFA851 /* SessionCell.h */,
				96E97E171CF04A7200DFA851 /* SessionCell.m */,
				96E97E181CF04A7200DFA851 /* SessionCell.xib */,
			);
			path = View;
			sourceTree = "<group>";
		};
		96FD786A1CED92FD000FCB3C = {
			isa = PBXGroup;
			children = (
				96FD78751CED92FE000FCB3C /* DuBi */,
				965C51E81CF3EBA000B0F22F /* SMS_SDK */,
				96FD78741CED92FE000FCB3C /* Products */,
				3C94F929D7E0E54C048AEC15 /* Pods */,
				79939B0E58BB4BC289F17EB9 /* Frameworks */,
			);
			sourceTree = "<group>";
		};
		96FD78741CED92FE000FCB3C /* Products */ = {
			isa = PBXGroup;
			children = (
				96FD78731CED92FE000FCB3C /* DuBi.app */,
			);
			name = Products;
			sourceTree = "<group>";
		};
		96FD78751CED92FE000FCB3C /* DuBi */ = {
			isa = PBXGroup;
			children = (
				96FD788D1CED93F2000FCB3C /* classes */,
				96FD78761CED92FE000FCB3C /* Supporting Files */,
			);
			path = DuBi;
			sourceTree = "<group>";
		};
		96FD78761CED92FE000FCB3C /* Supporting Files */ = {
			isa = PBXGroup;
			children = (
				96E97E211CF04F3300DFA851 /* Assets.xcassets */,
				96FD787F1CED92FE000FCB3C /* Main.storyboard */,
				96FD78841CED92FE000FCB3C /* LaunchScreen.storyboard */,
				96FD78871CED92FE000FCB3C /* Info.plist */,
				96FD78771CED92FE000FCB3C /* main.m */,
			);
			name = "Supporting Files";
			sourceTree = "<group>";
		};
		96FD788D1CED93F2000FCB3C /* classes */ = {
			isa = PBXGroup;
			children = (
				C2533CB51CEDEBDC00C134C6 /* Helper */,
				96FD788E1CED93F2000FCB3C /* Appdelegate */,
				96FD78911CED93F2000FCB3C /* General */,
				96FD78931CED93F2000FCB3C /* Marco */,
				96FD78941CED93F2000FCB3C /* Models */,
				96FD78961CED93F2000FCB3C /* Scenes */,
				96FD78971CED93F2000FCB3C /* Vendors */,
			);
			path = classes;
			sourceTree = "<group>";
		};
		96FD788E1CED93F2000FCB3C /* Appdelegate */ = {
			isa = PBXGroup;
			children = (
				96FD788F1CED93F2000FCB3C /* AppDelegate.h */,
				96FD78901CED93F2000FCB3C /* AppDelegate.m */,
			);
			path = Appdelegate;
			sourceTree = "<group>";
		};
		96FD78911CED93F2000FCB3C /* General */ = {
			isa = PBXGroup;
			children = (
				96FD78C71CEDD8D9000FCB3C /* Category */,
				96FD78C21CEDD501000FCB3C /* ViewController */,
				96FD78BF1CEDD501000FCB3C /* View */,
			);
			path = General;
			sourceTree = "<group>";
		};
		96FD78931CED93F2000FCB3C /* Marco */ = {
			isa = PBXGroup;
			children = (
				968AC5B51CEF113600A14471 /* Color_marco.h */,
				C22BC6C91CEDFC0900E7AF10 /* Singleton.h */,
				968AC5B61CEF117B00A14471 /* Main_marco.h */,
				C23CA6781CEF27B0008C52C2 /* LWNMainPageUrl.h */,
			);
			path = Marco;
			sourceTree = "<group>";
		};
		96FD78941CED93F2000FCB3C /* Models */ = {
			isa = PBXGroup;
			children = (
			);
			path = Models;
			sourceTree = "<group>";
		};
		96FD78951CED93F2000FCB3C /* Resources */ = {
			isa = PBXGroup;
			children = (
			);
			name = Resources;
			path = ../../../Resources;
			sourceTree = "<group>";
		};
		96FD78961CED93F2000FCB3C /* Scenes */ = {
			isa = PBXGroup;
			children = (
				965C51F71CF3EDDC00B0F22F /* signInAndRegister */,
				C2A7DC6C1CF311D900492355 /* ZYVideo */,
				96E97E091CF04A7200DFA851 /* BuddyAndMessageView */,
				C2533CBC1CEDEC0A00C134C6 /* MainPageView */,
			);
			path = Scenes;
			sourceTree = "<group>";
		};
		96FD78971CED93F2000FCB3C /* Vendors */ = {
			isa = PBXGroup;
			children = (
			);
			path = Vendors;
			sourceTree = "<group>";
		};
		96FD78BF1CEDD501000FCB3C /* View */ = {
			isa = PBXGroup;
			children = (
				C2DEA06E1CF2E991002E1120 /* LWNCustomButton.h */,
				C2DEA06F1CF2E991002E1120 /* LWNCustomButton.m */,
				C2DEA0711CF2F1EE002E1120 /* LWNCustomView.h */,
				C2DEA0721CF2F1EE002E1120 /* LWNCustomView.m */,
				C2E0C47C1CF05636006CCD96 /* ZDCustomButton.h */,
				C2E0C47D1CF05636006CCD96 /* ZDCustomButton.m */,
				C2E0C47E1CF05636006CCD96 /* ZDPublishView.h */,
				C2E0C47F1CF05636006CCD96 /* ZDPublishView.m */,
				C2E0C4801CF05636006CCD96 /* ZDPublishView.xib */,
				96FD78C01CEDD501000FCB3C /* JTTabBar.h */,
				96FD78C11CEDD501000FCB3C /* JTTabBar.m */,
			);
			path = View;
			sourceTree = "<group>";
		};
		96FD78C21CEDD501000FCB3C /* ViewController */ = {
			isa = PBXGroup;
			children = (
				965C52001CF4085B00B0F22F /* JTTabBarViewController.h */,
				965C52011CF4085B00B0F22F /* JTTabBarViewController.m */,
			);
			path = ViewController;
			sourceTree = "<group>";
		};
		96FD78C71CEDD8D9000FCB3C /* Category */ = {
			isa = PBXGroup;
			children = (
				968AC5B71CEF120600A14471 /* UIImage+ImageContentWithColor.h */,
				968AC5B81CEF120600A14471 /* UIImage+ImageContentWithColor.m */,
				96FD78C81CEDD8D9000FCB3C /* UIView+XYWidthHeight.h */,
				96FD78C91CEDD8D9000FCB3C /* UIView+XYWidthHeight.m */,
				C23CA6751CEF23FD008C52C2 /* MBProgressHUD+gifHUD.h */,
				C23CA6761CEF23FD008C52C2 /* MBProgressHUD+gifHUD.m */,
			);
			path = Category;
			sourceTree = "<group>";
		};
		C220B3571CF433B0009A6560 /* Controller */ = {
			isa = PBXGroup;
			children = (
				C220B35D1CF43499009A6560 /* ZDUserViewController.h */,
				C220B37A1CF485F2009A6560 /* user */,
				C220B35E1CF43499009A6560 /* ZDUserViewController.m */,
				C220B34D1CF433A0009A6560 /* JTRegisterViewController.h */,
				C220B34E1CF433A0009A6560 /* JTRegisterViewController.m */,
				C220B34F1CF433A0009A6560 /* JTRegisterViewController.xib */,
				C220B3501CF433A0009A6560 /* JTSignInChoiceViewController.h */,
				C220B3511CF433A0009A6560 /* JTSignInChoiceViewController.m */,
				C220B3521CF433A0009A6560 /* JTSignInChoiceViewController.xib */,
			);
			name = Controller;
			sourceTree = "<group>";
		};
		C220B37A1CF485F2009A6560 /* user */ = {
			isa = PBXGroup;
			children = (
				C220B36D1CF44111009A6560 /* tableViewHeader.jpg */,
				C220B3851CF486CD009A6560 /* zhuti.png */,
				C220B37B1CF485F2009A6560 /* anquan.png */,
				C220B37C1CF485F2009A6560 /* huancun.png */,
				C220B37D1CF485F2009A6560 /* quanzi.png */,
				C220B37E1CF485F2009A6560 /* shezhi.png */,
				C220B37F1CF485F2009A6560 /* ziliao.png */,
			);
			path = user;
			sourceTree = "<group>";
		};
		C2533CB51CEDEBDC00C134C6 /* Helper */ = {
			isa = PBXGroup;
			children = (
				9605E9CC1CF485A6000D1834 /* XHToast */,
				9605E9C81CF47E47000D1834 /* RegularUtils */,
				C2533CB61CEDEBDC00C134C6 /* InfomationHandle.h */,
				C2533CB71CEDEBDC00C134C6 /* InfomationHandle.m */,
				C2533CB81CEDEBDC00C134C6 /* NetWorkRequest.h */,
				C2533CB91CEDEBDC00C134C6 /* NetWorkRequest.m */,
				961F9EC91CEEAC990043F86C /* JTBuddyManager.h */,
				961F9ECA1CEEAC990043F86C /* JTBuddyManager.m */,
			);
			path = Helper;
			sourceTree = "<group>";
		};
		C2533CBC1CEDEC0A00C134C6 /* MainPageView */ = {
			isa = PBXGroup;
			children = (
				C2533CBD1CEDEC0A00C134C6 /* Controllers */,
				C2533CC11CEDEC0A00C134C6 /* Models */,
				C2533CC21CEDEC0A00C134C6 /* Views */,
			);
			path = MainPageView;
			sourceTree = "<group>";
		};
		C2533CBD1CEDEC0A00C134C6 /* Controllers */ = {
			isa = PBXGroup;
			children = (
				C2533CBE1CEDEC0A00C134C6 /* MainViewController.h */,
				C2533CBF1CEDEC0A00C134C6 /* MainViewController.m */,
				C2533CC01CEDEC0A00C134C6 /* MainViewController.xib */,
			);
			path = Controllers;
			sourceTree = "<group>";
		};
		C2533CC11CEDEC0A00C134C6 /* Models */ = {
			isa = PBXGroup;
			children = (
				C22BC6CA1CEE01DA00E7AF10 /* Topic.h */,
				C22BC6CB1CEE01DA00E7AF10 /* Topic.m */,
			);
			path = Models;
			sourceTree = "<group>";
		};
		C2533CC21CEDEC0A00C134C6 /* Views */ = {
			isa = PBXGroup;
			children = (
				C2533CC31CEDEC0A00C134C6 /* MainViewCell.h */,
				C2533CC41CEDEC0A00C134C6 /* MainViewCell.m */,
				C2533CC51CEDEC0A00C134C6 /* MainViewCell.xib */,
			);
			path = Views;
			sourceTree = "<group>";
		};
		C2A7DC6C1CF311D900492355 /* ZYVideo */ = {
			isa = PBXGroup;
			children = (
				C2A7DC6D1CF311D900492355 /* Controllers */,
				C2A7DC731CF311D900492355 /* Models */,
				C2A7DC741CF311D900492355 /* Views */,
			);
			path = ZYVideo;
			sourceTree = "<group>";
		};
		C2A7DC6D1CF311D900492355 /* Controllers */ = {
			isa = PBXGroup;
			children = (
				C2A7DC711CF311D900492355 /* ZYVideoViewController.h */,
				C2A7DC721CF311D900492355 /* ZYVideoViewController.m */,
			);
			path = Controllers;
			sourceTree = "<group>";
		};
		C2A7DC731CF311D900492355 /* Models */ = {
			isa = PBXGroup;
			children = (
			);
			path = Models;
			sourceTree = "<group>";
		};
		C2A7DC741CF311D900492355 /* Views */ = {
			isa = PBXGroup;
			children = (
				C2A7DC751CF311D900492355 /* ZYAVPlayer.h */,
				C2A7DC761CF311D900492355 /* ZYAVPlayer.m */,
				C2A7DC6E1CF311D900492355 /* ZYVideoCell.h */,
				C2A7DC6F1CF311D900492355 /* ZYVideoCell.m */,
				C2A7DC701CF311D900492355 /* ZYVideoCell.xib */,
				C2A7DC7B1CF33B9B00492355 /* ZYButton.h */,
				C2A7DC7C1CF33B9B00492355 /* ZYButton.m */,
			);
			path = Views;
			sourceTree = "<group>";
		};
/* End PBXGroup section */

/* Begin PBXNativeTarget section */
		96FD78721CED92FE000FCB3C /* DuBi */ = {
			isa = PBXNativeTarget;
			buildConfigurationList = 96FD788A1CED92FE000FCB3C /* Build configuration list for PBXNativeTarget "DuBi" */;
			buildPhases = (
				CB25C5DD1C78F9B43F2FFB9A /* 📦 Check Pods Manifest.lock */,
				96FD786F1CED92FE000FCB3C /* Sources */,
				96FD78701CED92FE000FCB3C /* Frameworks */,
				96FD78711CED92FE000FCB3C /* Resources */,
				01BD681868FC2121C70326FB /* 📦 Embed Pods Frameworks */,
				EB80ABB721B59B1F8BCA302C /* 📦 Copy Pods Resources */,
				2DA232C223DEE1F88F3DBCA3 /* Embed Pods Frameworks */,
			);
			buildRules = (
			);
			dependencies = (
			);
			name = DuBi;
			productName = DuBi;
			productReference = 96FD78731CED92FE000FCB3C /* DuBi.app */;
			productType = "com.apple.product-type.application";
		};
/* End PBXNativeTarget section */

/* Begin PBXProject section */
		96FD786B1CED92FD000FCB3C /* Project object */ = {
			isa = PBXProject;
			attributes = {
				CLASSPREFIX = DB;
				LastUpgradeCheck = 0700;
				ORGANIZATIONNAME = JasonTian;
				TargetAttributes = {
					96FD78721CED92FE000FCB3C = {
						CreatedOnToolsVersion = 7.0;
						DevelopmentTeam = V69LN73Q95;
					};
				};
			};
			buildConfigurationList = 96FD786E1CED92FD000FCB3C /* Build configuration list for PBXProject "DuBi" */;
			compatibilityVersion = "Xcode 3.2";
			developmentRegion = English;
			hasScannedForEncodings = 0;
			knownRegions = (
				en,
				Base,
			);
			mainGroup = 96FD786A1CED92FD000FCB3C;
			productRefGroup = 96FD78741CED92FE000FCB3C /* Products */;
			projectDirPath = "";
			projectRoot = "";
			targets = (
				96FD78721CED92FE000FCB3C /* DuBi */,
			);
		};
/* End PBXProject section */

/* Begin PBXResourcesBuildPhase section */
		96FD78711CED92FE000FCB3C /* Resources */ = {
			isa = PBXResourcesBuildPhase;
			buildActionMask = 2147483647;
			files = (
				C220B3811CF485F2009A6560 /* huancun.png in Resources */,
				C220B3841CF485F2009A6560 /* ziliao.png in Resources */,
				C220B3861CF486CD009A6560 /* zhuti.png in Resources */,
				96FD78861CED92FE000FCB3C /* LaunchScreen.storyboard in Resources */,
				C220B3821CF485F2009A6560 /* quanzi.png in Resources */,
				96FD78811CED92FE000FCB3C /* Main.storyboard in Resources */,
				C2E0C4831CF05636006CCD96 /* ZDPublishView.xib in Resources */,
				96E97E221CF04F3300DFA851 /* Assets.xcassets in Resources */,
				C220B3831CF485F2009A6560 /* shezhi.png in Resources */,
				96E97E1E1CF04A7200DFA851 /* JTSessionViewController.xib in Resources */,
				C2533CC71CEDEC0A00C134C6 /* MainViewController.xib in Resources */,
				96E97E201CF04A7200DFA851 /* SessionCell.xib in Resources */,
				C2A7DC781CF311D900492355 /* ZYVideoCell.xib in Resources */,
				C220B3541CF433A0009A6560 /* JTRegisterViewController.xib in Resources */,
				96E97E1C1CF04A7200DFA851 /* JTContactListViewController.xib in Resources */,
				C220B3801CF485F2009A6560 /* anquan.png in Resources */,
				C220B36E1CF44111009A6560 /* tableViewHeader.jpg in Resources */,
				C220B3561CF433A0009A6560 /* JTSignInChoiceViewController.xib in Resources */,
				C2533CC91CEDEC0A00C134C6 /* MainViewCell.xib in Resources */,
			);
			runOnlyForDeploymentPostprocessing = 0;
		};
/* End PBXResourcesBuildPhase section */

/* Begin PBXShellScriptBuildPhase section */
		01BD681868FC2121C70326FB /* 📦 Embed Pods Frameworks */ = {
			isa = PBXShellScriptBuildPhase;
			buildActionMask = 2147483647;
			files = (
			);
			inputPaths = (
			);
			name = "📦 Embed Pods Frameworks";
			outputPaths = (
			);
			runOnlyForDeploymentPostprocessing = 0;
			shellPath = /bin/sh;
			shellScript = "\"${SRCROOT}/Pods/Target Support Files/Pods-DuBi/Pods-DuBi-frameworks.sh\"\n";
			showEnvVarsInLog = 0;
		};
		2DA232C223DEE1F88F3DBCA3 /* Embed Pods Frameworks */ = {
			isa = PBXShellScriptBuildPhase;
			buildActionMask = 2147483647;
			files = (
			);
			inputPaths = (
			);
			name = "Embed Pods Frameworks";
			outputPaths = (
			);
			runOnlyForDeploymentPostprocessing = 0;
			shellPath = /bin/sh;
			shellScript = "\"${SRCROOT}/Pods/Target Support Files/Pods-DuBi/Pods-DuBi-frameworks.sh\"\n";
			showEnvVarsInLog = 0;
		};
		CB25C5DD1C78F9B43F2FFB9A /* 📦 Check Pods Manifest.lock */ = {
			isa = PBXShellScriptBuildPhase;
			buildActionMask = 2147483647;
			files = (
			);
			inputPaths = (
			);
			name = "📦 Check Pods Manifest.lock";
			outputPaths = (
			);
			runOnlyForDeploymentPostprocessing = 0;
			shellPath = /bin/sh;
			shellScript = "diff \"${PODS_ROOT}/../Podfile.lock\" \"${PODS_ROOT}/Manifest.lock\" > /dev/null\nif [[ $? != 0 ]] ; then\n    cat << EOM\nerror: The sandbox is not in sync with the Podfile.lock. Run 'pod install' or update your CocoaPods installation.\nEOM\n    exit 1\nfi\n";
			showEnvVarsInLog = 0;
		};
		EB80ABB721B59B1F8BCA302C /* 📦 Copy Pods Resources */ = {
			isa = PBXShellScriptBuildPhase;
			buildActionMask = 2147483647;
			files = (
			);
			inputPaths = (
			);
			name = "📦 Copy Pods Resources";
			outputPaths = (
			);
			runOnlyForDeploymentPostprocessing = 0;
			shellPath = /bin/sh;
			shellScript = "\"${SRCROOT}/Pods/Target Support Files/Pods-DuBi/Pods-DuBi-resources.sh\"\n";
			showEnvVarsInLog = 0;
		};
/* End PBXShellScriptBuildPhase section */

/* Begin PBXSourcesBuildPhase section */
		96FD786F1CED92FE000FCB3C /* Sources */ = {
			isa = PBXSourcesBuildPhase;
			buildActionMask = 2147483647;
			files = (
				96FD78CA1CEDD8D9000FCB3C /* UIView+XYWidthHeight.m in Sources */,
				C2DEA0701CF2E991002E1120 /* LWNCustomButton.m in Sources */,
				C23CA6771CEF23FD008C52C2 /* MBProgressHUD+gifHUD.m in Sources */,
				C2533CBA1CEDEBDC00C134C6 /* InfomationHandle.m in Sources */,
				96E97E191CF04A7200DFA851 /* JTAddFriendViewController.m in Sources */,
				968808551CF308D0006DE07D /* JTSearchResultControllerTableViewController.m in Sources */,
				96FD78981CED93F2000FCB3C /* AppDelegate.m in Sources */,
				C22BC6CC1CEE01DA00E7AF10 /* Topic.m in Sources */,
				C2DEA0731CF2F1EE002E1120 /* LWNCustomView.m in Sources */,
				C2533CC61CEDEC0A00C134C6 /* MainViewController.m in Sources */,
				C2E0C4821CF05636006CCD96 /* ZDPublishView.m in Sources */,
				96E97E1D1CF04A7200DFA851 /* JTSessionViewController.m in Sources */,
				961F9ECB1CEEAC990043F86C /* JTBuddyManager.m in Sources */,
				C220B3551CF433A0009A6560 /* JTSignInChoiceViewController.m in Sources */,
				C220B35F1CF43499009A6560 /* ZDUserViewController.m in Sources */,
				96FD78781CED92FE000FCB3C /* main.m in Sources */,
				965C52021CF4085B00B0F22F /* JTTabBarViewController.m in Sources */,
				96E97E1B1CF04A7200DFA851 /* JTContactListViewController.m in Sources */,
				C2533CC81CEDEC0A00C134C6 /* MainViewCell.m in Sources */,
				C2A7DC7D1CF33B9B00492355 /* ZYButton.m in Sources */,
				C2A7DC771CF311D900492355 /* ZYVideoCell.m in Sources */,
				C2533CBB1CEDEBDC00C134C6 /* NetWorkRequest.m in Sources */,
				C220B3531CF433A0009A6560 /* JTRegisterViewController.m in Sources */,
				C2A7DC7A1CF311D900492355 /* ZYAVPlayer.m in Sources */,
				C2E0C4811CF05636006CCD96 /* ZDCustomButton.m in Sources */,
				C220B3751CF451E6009A6560 /* ZDCustomHeaderView.m in Sources */,
				C220B3671CF43AA1009A6560 /* ZDCustomUserTableViewCell.m in Sources */,
				C2A7DC791CF311D900492355 /* ZYVideoViewController.m in Sources */,
				9605E9CF1CF485A6000D1834 /* XHToast.m in Sources */,
				96FD78C51CEDD501000FCB3C /* JTTabBar.m in Sources */,
				96E97E1F1CF04A7200DFA851 /* SessionCell.m in Sources */,
				9605E9CB1CF47E47000D1834 /* RegularUtils.m in Sources */,
				968AC5B91CEF120600A14471 /* UIImage+ImageContentWithColor.m in Sources */,
			);
			runOnlyForDeploymentPostprocessing = 0;
		};
/* End PBXSourcesBuildPhase section */

/* Begin PBXVariantGroup section */
		96FD787F1CED92FE000FCB3C /* Main.storyboard */ = {
			isa = PBXVariantGroup;
			children = (
				96FD78801CED92FE000FCB3C /* Base */,
			);
			name = Main.storyboard;
			sourceTree = "<group>";
		};
		96FD78841CED92FE000FCB3C /* LaunchScreen.storyboard */ = {
			isa = PBXVariantGroup;
			children = (
				96FD78851CED92FE000FCB3C /* Base */,
			);
			name = LaunchScreen.storyboard;
			sourceTree = "<group>";
		};
/* End PBXVariantGroup section */

/* Begin XCBuildConfiguration section */
		96FD78881CED92FE000FCB3C /* Debug */ = {
			isa = XCBuildConfiguration;
			buildSettings = {
				ALWAYS_SEARCH_USER_PATHS = NO;
				CLANG_CXX_LANGUAGE_STANDARD = "gnu++0x";
				CLANG_CXX_LIBRARY = "libc++";
				CLANG_ENABLE_MODULES = YES;
				CLANG_ENABLE_OBJC_ARC = YES;
				CLANG_WARN_BOOL_CONVERSION = YES;
				CLANG_WARN_CONSTANT_CONVERSION = YES;
				CLANG_WARN_DIRECT_OBJC_ISA_USAGE = YES_ERROR;
				CLANG_WARN_EMPTY_BODY = YES;
				CLANG_WARN_ENUM_CONVERSION = YES;
				CLANG_WARN_INT_CONVERSION = YES;
				CLANG_WARN_OBJC_ROOT_CLASS = YES_ERROR;
				CLANG_WARN_UNREACHABLE_CODE = YES;
				CLANG_WARN__DUPLICATE_METHOD_MATCH = YES;
				"CODE_SIGN_IDENTITY[sdk=iphoneos*]" = "iPhone Developer";
				COPY_PHASE_STRIP = NO;
				DEBUG_INFORMATION_FORMAT = dwarf;
				ENABLE_STRICT_OBJC_MSGSEND = YES;
				ENABLE_TESTABILITY = YES;
				GCC_C_LANGUAGE_STANDARD = gnu99;
				GCC_DYNAMIC_NO_PIC = NO;
				GCC_NO_COMMON_BLOCKS = YES;
				GCC_OPTIMIZATION_LEVEL = 0;
				GCC_PREPROCESSOR_DEFINITIONS = (
					"DEBUG=1",
					"$(inherited)",
				);
				GCC_WARN_64_TO_32_BIT_CONVERSION = YES;
				GCC_WARN_ABOUT_RETURN_TYPE = YES_ERROR;
				GCC_WARN_UNDECLARED_SELECTOR = YES;
				GCC_WARN_UNINITIALIZED_AUTOS = YES_AGGRESSIVE;
				GCC_WARN_UNUSED_FUNCTION = YES;
				GCC_WARN_UNUSED_VARIABLE = YES;
				IPHONEOS_DEPLOYMENT_TARGET = 9.0;
				MTL_ENABLE_DEBUG_INFO = YES;
				ONLY_ACTIVE_ARCH = YES;
				SDKROOT = iphoneos;
				TARGETED_DEVICE_FAMILY = "1,2";
			};
			name = Debug;
		};
		96FD78891CED92FE000FCB3C /* Release */ = {
			isa = XCBuildConfiguration;
			buildSettings = {
				ALWAYS_SEARCH_USER_PATHS = NO;
				CLANG_CXX_LANGUAGE_STANDARD = "gnu++0x";
				CLANG_CXX_LIBRARY = "libc++";
				CLANG_ENABLE_MODULES = YES;
				CLANG_ENABLE_OBJC_ARC = YES;
				CLANG_WARN_BOOL_CONVERSION = YES;
				CLANG_WARN_CONSTANT_CONVERSION = YES;
				CLANG_WARN_DIRECT_OBJC_ISA_USAGE = YES_ERROR;
				CLANG_WARN_EMPTY_BODY = YES;
				CLANG_WARN_ENUM_CONVERSION = YES;
				CLANG_WARN_INT_CONVERSION = YES;
				CLANG_WARN_OBJC_ROOT_CLASS = YES_ERROR;
				CLANG_WARN_UNREACHABLE_CODE = YES;
				CLANG_WARN__DUPLICATE_METHOD_MATCH = YES;
				"CODE_SIGN_IDENTITY[sdk=iphoneos*]" = "iPhone Developer";
				COPY_PHASE_STRIP = NO;
				DEBUG_INFORMATION_FORMAT = "dwarf-with-dsym";
				ENABLE_NS_ASSERTIONS = NO;
				ENABLE_STRICT_OBJC_MSGSEND = YES;
				GCC_C_LANGUAGE_STANDARD = gnu99;
				GCC_NO_COMMON_BLOCKS = YES;
				GCC_WARN_64_TO_32_BIT_CONVERSION = YES;
				GCC_WARN_ABOUT_RETURN_TYPE = YES_ERROR;
				GCC_WARN_UNDECLARED_SELECTOR = YES;
				GCC_WARN_UNINITIALIZED_AUTOS = YES_AGGRESSIVE;
				GCC_WARN_UNUSED_FUNCTION = YES;
				GCC_WARN_UNUSED_VARIABLE = YES;
				IPHONEOS_DEPLOYMENT_TARGET = 9.0;
				MTL_ENABLE_DEBUG_INFO = NO;
				SDKROOT = iphoneos;
				TARGETED_DEVICE_FAMILY = "1,2";
				VALIDATE_PRODUCT = YES;
			};
			name = Release;
		};
		96FD788B1CED92FE000FCB3C /* Debug */ = {
			isa = XCBuildConfiguration;
			baseConfigurationReference = 11370B36862CFBFC213D5E69 /* Pods-DuBi.debug.xcconfig */;
			buildSettings = {
				ASSETCATALOG_COMPILER_APPICON_NAME = AppIcon;
				ASSETCATALOG_COMPILER_LAUNCHIMAGE_NAME = BrandAsset;
				CODE_SIGN_IDENTITY = "iPhone Developer";
				"CODE_SIGN_IDENTITY[sdk=iphoneos*]" = "iPhone Developer";
				FRAMEWORK_SEARCH_PATHS = (
					"$(inherited)",
					"$(PROJECT_DIR)/DuBi/SMS_SDK",
				);
				INFOPLIST_FILE = DuBi/Info.plist;
				LD_RUNPATH_SEARCH_PATHS = "$(inherited) @executable_path/Frameworks";
				PRODUCT_BUNDLE_IDENTIFIER = com.dubi3g.DuBi;
				PRODUCT_NAME = "$(TARGET_NAME)";
				PROVISIONING_PROFILE = "";
			};
			name = Debug;
		};
		96FD788C1CED92FE000FCB3C /* Release */ = {
			isa = XCBuildConfiguration;
			baseConfigurationReference = 5E5F93F56FFD50A149AAD8FA /* Pods-DuBi.release.xcconfig */;
			buildSettings = {
				ASSETCATALOG_COMPILER_APPICON_NAME = AppIcon;
				ASSETCATALOG_COMPILER_LAUNCHIMAGE_NAME = BrandAsset;
				CODE_SIGN_IDENTITY = "iPhone Developer";
				"CODE_SIGN_IDENTITY[sdk=iphoneos*]" = "iPhone Developer";
				FRAMEWORK_SEARCH_PATHS = (
					"$(inherited)",
					"$(PROJECT_DIR)/DuBi/SMS_SDK",
				);
				INFOPLIST_FILE = DuBi/Info.plist;
				LD_RUNPATH_SEARCH_PATHS = "$(inherited) @executable_path/Frameworks";
				PRODUCT_BUNDLE_IDENTIFIER = com.dubi3g.DuBi;
				PRODUCT_NAME = "$(TARGET_NAME)";
				PROVISIONING_PROFILE = "";
			};
			name = Release;
		};
/* End XCBuildConfiguration section */

/* Begin XCConfigurationList section */
		96FD786E1CED92FD000FCB3C /* Build configuration list for PBXProject "DuBi" */ = {
			isa = XCConfigurationList;
			buildConfigurations = (
				96FD78881CED92FE000FCB3C /* Debug */,
				96FD78891CED92FE000FCB3C /* Release */,
			);
			defaultConfigurationIsVisible = 0;
			defaultConfigurationName = Release;
		};
		96FD788A1CED92FE000FCB3C /* Build configuration list for PBXNativeTarget "DuBi" */ = {
			isa = XCConfigurationList;
			buildConfigurations = (
				96FD788B1CED92FE000FCB3C /* Debug */,
				96FD788C1CED92FE000FCB3C /* Release */,
			);
			defaultConfigurationIsVisible = 0;
			defaultConfigurationName = Release;
		};
/* End XCConfigurationList section */
	};
	rootObject = 96FD786B1CED92FD000FCB3C /* Project object */;
}
